
Microsoft Visual Studio Solution File, Format Version 12.00
# Visual Studio Version 17
VisualStudioVersion = 17.10.35013.160
MinimumVisualStudioVersion = 10.0.40219.1
Project("{9A19103F-16F7-4668-BE54-9A1E7A4F7556}") = "MatriculaCMP", "MatriculaCMP\MatriculaCMP\MatriculaCMP.csproj", "{7661514C-A03E-44DD-9367-F1E002C8253B}"
EndProject
Project("{9A19103F-16F7-4668-BE54-9A1E7A4F7556}") = "MatriculaCMP.Client", "MatriculaCMP\MatriculaCMP.Client\MatriculaCMP.Client.csproj", "{F6C55EE8-DF8C-43FF-89E9-10D8CEDB26A7}"
EndProject
Project("{9A19103F-16F7-4668-BE54-9A1E7A4F7556}") = "MatriculaCMP.Shared", "MatriculaCMP.Shared\MatriculaCMP.Shared.csproj", "{43D2302B-DDDF-40D1-A339-8737E680C1FE}"
EndProject
Global
	GlobalSection(SolutionConfigurationPlatforms) = preSolution
		Debug|Any CPU = Debug|Any CPU
		Release|Any CPU = Release|Any CPU
	EndGlobalSection
	GlobalSection(ProjectConfigurationPlatforms) = postSolution
		{7661514C-A03E-44DD-9367-F1E002C8253B}.Debug|Any CPU.ActiveCfg = Debug|Any CPU
		{7661514C-A03E-44DD-9367-F1E002C8253B}.Debug|Any CPU.Build.0 = Debug|Any CPU
		{7661514C-A03E-44DD-9367-F1E002C8253B}.Release|Any CPU.ActiveCfg = Release|Any CPU
		{7661514C-A03E-44DD-9367-F1E002C8253B}.Release|Any CPU.Build.0 = Release|Any CPU
		{F6C55EE8-DF8C-43FF-89E9-10D8CEDB26A7}.Debug|Any CPU.ActiveCfg = Debug|Any CPU
		{F6C55EE8-DF8C-43FF-89E9-10D8CEDB26A7}.Debug|Any CPU.Build.0 = Debug|Any CPU
		{F6C55EE8-DF8C-43FF-89E9-10D8CEDB26A7}.Release|Any CPU.ActiveCfg = Release|Any CPU
		{F6C55EE8-DF8C-43FF-89E9-10D8CEDB26A7}.Release|Any CPU.Build.0 = Release|Any CPU
		{43D2302B-DDDF-40D1-A339-8737E680C1FE}.Debug|Any CPU.ActiveCfg = Debug|Any CPU
		{43D2302B-DDDF-40D1-A339-8737E680C1FE}.Debug|Any CPU.Build.0 = Debug|Any CPU
		{43D2302B-DDDF-40D1-A339-8737E680C1FE}.Release|Any CPU.ActiveCfg = Release|Any CPU
		{43D2302B-DDDF-40D1-A339-8737E680C1FE}.Release|Any CPU.Build.0 = Release|Any CPU
	EndGlobalSection
	GlobalSection(SolutionProperties) = preSolution
		HideSolutionNode = FALSE
	EndGlobalSection
	GlobalSection(ExtensibilityGlobals) = postSolution
		SolutionGuid = {13A203D1-3A34-4686-92BB-2358D0449811}
	EndGlobalSection
EndGlobal
